
Microsoft Visual Studio Solution File, Format Version 12.00
# Visual Studio Version 17
VisualStudioVersion = 17.14.36109.1 d17.14
MinimumVisualStudioVersion = 10.0.40219.1
Project("{FAE04EC0-301F-11D3-BF4B-00C04F79EFBC}") = "Fiap.Banco.API", "Fiap.Banco.API\Fiap.Banco.API.csproj", "{B89DA9EA-310B-47DB-A6C9-C62651DAC18E}"
EndProject
Global
	GlobalSection(SolutionConfigurationPlatforms) = preSolution
		Debug|Any CPU = Debug|Any CPU
		Release|Any CPU = Release|Any CPU
	EndGlobalSection
	GlobalSection(ProjectConfigurationPlatforms) = postSolution
		{B89DA9EA-310B-47DB-A6C9-C62651DAC18E}.Debug|Any CPU.ActiveCfg = Debug|Any CPU
		{B89DA9EA-310B-47DB-A6C9-C62651DAC18E}.Debug|Any CPU.Build.0 = Debug|Any CPU
		{B89DA9EA-310B-47DB-A6C9-C62651DAC18E}.Release|Any CPU.ActiveCfg = Release|Any CPU
		{B89DA9EA-310B-47DB-A6C9-C62651DAC18E}.Release|Any CPU.Build.0 = Release|Any CPU
	EndGlobalSection
	GlobalSection(SolutionProperties) = preSolution
		HideSolutionNode = FALSE
	EndGlobalSection
	GlobalSection(ExtensibilityGlobals) = postSolution
		SolutionGuid = {B52BD059-B326-4345-AA6E-DEDC7B0C0079}
	EndGlobalSection
EndGlobal
